
Microsoft Visual Studio Solution File, Format Version 12.00
Project("{2150E333-8FDC-42A3-9474-1A3956D46DE8}") = "Core", "Core", "{A4752257-41CC-4772-8C06-E9D70E3AF97F}"
EndProject
Project("{2150E333-8FDC-42A3-9474-1A3956D46DE8}") = "Presentation", "Presentation", "{3EF32EE2-A6C7-4576-996D-A73533798126}"
EndProject
Project("{2150E333-8FDC-42A3-9474-1A3956D46DE8}") = "Infraestructure", "Infraestructure", "{27D90837-B826-4BF1-BA5F-4B67A558CC6A}"
EndProject
Project("{FAE04EC0-301F-11D3-BF4B-00C04F79EFBC}") = "WebApi", "WebApi\WebApi.csproj", "{DA2977BF-EBC5-451F-B520-BDF682438EE5}"
EndProject
Project("{FAE04EC0-301F-11D3-BF4B-00C04F79EFBC}") = "Domain", "Domain\Domain.csproj", "{335AAF7C-5D1A-4615-B7B7-8CD5FAF781CD}"
EndProject
Project("{FAE04EC0-301F-11D3-BF4B-00C04F79EFBC}") = "Application", "Application\Application.csproj", "{335FA9E4-1A24-4FA9-9A35-F6F359F157D3}"
EndProject
Project("{FAE04EC0-301F-11D3-BF4B-00C04F79EFBC}") = "Persistence", "Persistence\Persistence.csproj", "{44184E71-2BCC-4F54-B2F3-DD8AF18A0BD9}"
EndProject
Project("{FAE04EC0-301F-11D3-BF4B-00C04F79EFBC}") = "Identity", "Identity\Identity.csproj", "{CB6A7B09-C810-4B65-A1E8-3A072FA23E8B}"
EndProject
Project("{FAE04EC0-301F-11D3-BF4B-00C04F79EFBC}") = "Common", "Common\Common.csproj", "{0DBCBAF0-D7D1-4CC0-9B8C-23428F170D39}"
EndProject
Global
	GlobalSection(SolutionConfigurationPlatforms) = preSolution
		Debug|Any CPU = Debug|Any CPU
		Release|Any CPU = Release|Any CPU
	EndGlobalSection
	GlobalSection(ProjectConfigurationPlatforms) = postSolution
		{DA2977BF-EBC5-451F-B520-BDF682438EE5}.Debug|Any CPU.ActiveCfg = Debug|Any CPU
		{DA2977BF-EBC5-451F-B520-BDF682438EE5}.Debug|Any CPU.Build.0 = Debug|Any CPU
		{DA2977BF-EBC5-451F-B520-BDF682438EE5}.Release|Any CPU.ActiveCfg = Release|Any CPU
		{DA2977BF-EBC5-451F-B520-BDF682438EE5}.Release|Any CPU.Build.0 = Release|Any CPU
		{335AAF7C-5D1A-4615-B7B7-8CD5FAF781CD}.Debug|Any CPU.ActiveCfg = Debug|Any CPU
		{335AAF7C-5D1A-4615-B7B7-8CD5FAF781CD}.Debug|Any CPU.Build.0 = Debug|Any CPU
		{335AAF7C-5D1A-4615-B7B7-8CD5FAF781CD}.Release|Any CPU.ActiveCfg = Release|Any CPU
		{335AAF7C-5D1A-4615-B7B7-8CD5FAF781CD}.Release|Any CPU.Build.0 = Release|Any CPU
		{335FA9E4-1A24-4FA9-9A35-F6F359F157D3}.Debug|Any CPU.ActiveCfg = Debug|Any CPU
		{335FA9E4-1A24-4FA9-9A35-F6F359F157D3}.Debug|Any CPU.Build.0 = Debug|Any CPU
		{335FA9E4-1A24-4FA9-9A35-F6F359F157D3}.Release|Any CPU.ActiveCfg = Release|Any CPU
		{335FA9E4-1A24-4FA9-9A35-F6F359F157D3}.Release|Any CPU.Build.0 = Release|Any CPU
		{44184E71-2BCC-4F54-B2F3-DD8AF18A0BD9}.Debug|Any CPU.ActiveCfg = Debug|Any CPU
		{44184E71-2BCC-4F54-B2F3-DD8AF18A0BD9}.Debug|Any CPU.Build.0 = Debug|Any CPU
		{44184E71-2BCC-4F54-B2F3-DD8AF18A0BD9}.Release|Any CPU.ActiveCfg = Release|Any CPU
		{44184E71-2BCC-4F54-B2F3-DD8AF18A0BD9}.Release|Any CPU.Build.0 = Release|Any CPU
		{CB6A7B09-C810-4B65-A1E8-3A072FA23E8B}.Debug|Any CPU.ActiveCfg = Debug|Any CPU
		{CB6A7B09-C810-4B65-A1E8-3A072FA23E8B}.Debug|Any CPU.Build.0 = Debug|Any CPU
		{CB6A7B09-C810-4B65-A1E8-3A072FA23E8B}.Release|Any CPU.ActiveCfg = Release|Any CPU
		{CB6A7B09-C810-4B65-A1E8-3A072FA23E8B}.Release|Any CPU.Build.0 = Release|Any CPU
		{0DBCBAF0-D7D1-4CC0-9B8C-23428F170D39}.Debug|Any CPU.ActiveCfg = Debug|Any CPU
		{0DBCBAF0-D7D1-4CC0-9B8C-23428F170D39}.Debug|Any CPU.Build.0 = Debug|Any CPU
		{0DBCBAF0-D7D1-4CC0-9B8C-23428F170D39}.Release|Any CPU.ActiveCfg = Release|Any CPU
		{0DBCBAF0-D7D1-4CC0-9B8C-23428F170D39}.Release|Any CPU.Build.0 = Release|Any CPU
	EndGlobalSection
	GlobalSection(NestedProjects) = preSolution
		{DA2977BF-EBC5-451F-B520-BDF682438EE5} = {3EF32EE2-A6C7-4576-996D-A73533798126}
		{335AAF7C-5D1A-4615-B7B7-8CD5FAF781CD} = {A4752257-41CC-4772-8C06-E9D70E3AF97F}
		{335FA9E4-1A24-4FA9-9A35-F6F359F157D3} = {A4752257-41CC-4772-8C06-E9D70E3AF97F}
		{44184E71-2BCC-4F54-B2F3-DD8AF18A0BD9} = {27D90837-B826-4BF1-BA5F-4B67A558CC6A}
		{CB6A7B09-C810-4B65-A1E8-3A072FA23E8B} = {27D90837-B826-4BF1-BA5F-4B67A558CC6A}
		{0DBCBAF0-D7D1-4CC0-9B8C-23428F170D39} = {27D90837-B826-4BF1-BA5F-4B67A558CC6A}
	EndGlobalSection
EndGlobal
